
Microsoft Visual Studio Solution File, Format Version 12.00
# Visual Studio 15
VisualStudioVersion = 15.0.28307.572
MinimumVisualStudioVersion = 10.0.40219.1
Project("{2150E333-8FDC-42A3-9474-1A3956D46DE8}") = "src", "src", "{6BAC1904-8AC9-4DA5-9E59-D26A370F1ED3}"
EndProject
Project("{2150E333-8FDC-42A3-9474-1A3956D46DE8}") = "test", "test", "{2BA214EB-E2CE-4D78-8DFB-1A72F5193B84}"
EndProject
Project("{2150E333-8FDC-42A3-9474-1A3956D46DE8}") = "Presentation", "Presentation", "{232BC4B3-F568-4035-8656-27E9978A73AE}"
EndProject
Project("{2150E333-8FDC-42A3-9474-1A3956D46DE8}") = "Application", "Application", "{AFEE575D-6DDA-4905-8066-831005FCE1DD}"
EndProject
Project("{2150E333-8FDC-42A3-9474-1A3956D46DE8}") = "Domain", "Domain", "{7AC00AC4-2893-4BFA-A44B-86D8C9DE8BCB}"
EndProject
Project("{2150E333-8FDC-42A3-9474-1A3956D46DE8}") = "Infrastructure", "Infrastructure", "{CD37FA24-C108-4B77-9E26-2525CAE8DFAB}"
EndProject
Project("{FAE04EC0-301F-11D3-BF4B-00C04F79EFBC}") = "Restaurant.Api", "src\Restaurant.Api\Restaurant.Api.csproj", "{6E695155-6D95-4965-8519-82369628FBE8}"
EndProject
Project("{FAE04EC0-301F-11D3-BF4B-00C04F79EFBC}") = "Restaurant.Application", "src\Restaurant.Application\Restaurant.Application.csproj", "{0AA72606-1CFC-4E3F-BF2B-0D98630D6628}"
EndProject
Project("{FAE04EC0-301F-11D3-BF4B-00C04F79EFBC}") = "Restaurant.Domain", "src\Restaurant.Domain\Restaurant.Domain.csproj", "{D7913734-3FC7-413C-9EF8-5A50EB11AEBA}"
EndProject
Project("{FAE04EC0-301F-11D3-BF4B-00C04F79EFBC}") = "Restaurant.CrossCutting", "src\Restaurant.CrossCutting\Restaurant.CrossCutting.csproj", "{70A93EC5-6BD0-42AA-A885-1FD65DCD686B}"
EndProject
Project("{FAE04EC0-301F-11D3-BF4B-00C04F79EFBC}") = "Restaurant.Data", "src\Restaurant.Data\Restaurant.Data.csproj", "{14A06FCE-DF21-4F4A-ABDC-6A56E99499CF}"
EndProject
Project("{FAE04EC0-301F-11D3-BF4B-00C04F79EFBC}") = "Restaurant.Ioc", "src\Restaurant.Ioc\Restaurant.Ioc.csproj", "{B6D4D5D4-1213-4AB8-8D40-90CBA83E9B7D}"
EndProject
Project("{FAE04EC0-301F-11D3-BF4B-00C04F79EFBC}") = "Restaurant.Tests", "test\Restaurant.Tests\Restaurant.Tests.csproj", "{86C07518-AC5A-4780-8F7B-B0EDCCE3763D}"
EndProject
Global
	GlobalSection(SolutionConfigurationPlatforms) = preSolution
		Debug|Any CPU = Debug|Any CPU
		Release|Any CPU = Release|Any CPU
	EndGlobalSection
	GlobalSection(ProjectConfigurationPlatforms) = postSolution
		{6E695155-6D95-4965-8519-82369628FBE8}.Debug|Any CPU.ActiveCfg = Debug|Any CPU
		{6E695155-6D95-4965-8519-82369628FBE8}.Debug|Any CPU.Build.0 = Debug|Any CPU
		{6E695155-6D95-4965-8519-82369628FBE8}.Release|Any CPU.ActiveCfg = Release|Any CPU
		{6E695155-6D95-4965-8519-82369628FBE8}.Release|Any CPU.Build.0 = Release|Any CPU
		{0AA72606-1CFC-4E3F-BF2B-0D98630D6628}.Debug|Any CPU.ActiveCfg = Debug|Any CPU
		{0AA72606-1CFC-4E3F-BF2B-0D98630D6628}.Debug|Any CPU.Build.0 = Debug|Any CPU
		{0AA72606-1CFC-4E3F-BF2B-0D98630D6628}.Release|Any CPU.ActiveCfg = Release|Any CPU
		{0AA72606-1CFC-4E3F-BF2B-0D98630D6628}.Release|Any CPU.Build.0 = Release|Any CPU
		{D7913734-3FC7-413C-9EF8-5A50EB11AEBA}.Debug|Any CPU.ActiveCfg = Debug|Any CPU
		{D7913734-3FC7-413C-9EF8-5A50EB11AEBA}.Debug|Any CPU.Build.0 = Debug|Any CPU
		{D7913734-3FC7-413C-9EF8-5A50EB11AEBA}.Release|Any CPU.ActiveCfg = Release|Any CPU
		{D7913734-3FC7-413C-9EF8-5A50EB11AEBA}.Release|Any CPU.Build.0 = Release|Any CPU
		{70A93EC5-6BD0-42AA-A885-1FD65DCD686B}.Debug|Any CPU.ActiveCfg = Debug|Any CPU
		{70A93EC5-6BD0-42AA-A885-1FD65DCD686B}.Debug|Any CPU.Build.0 = Debug|Any CPU
		{70A93EC5-6BD0-42AA-A885-1FD65DCD686B}.Release|Any CPU.ActiveCfg = Release|Any CPU
		{70A93EC5-6BD0-42AA-A885-1FD65DCD686B}.Release|Any CPU.Build.0 = Release|Any CPU
		{14A06FCE-DF21-4F4A-ABDC-6A56E99499CF}.Debug|Any CPU.ActiveCfg = Debug|Any CPU
		{14A06FCE-DF21-4F4A-ABDC-6A56E99499CF}.Debug|Any CPU.Build.0 = Debug|Any CPU
		{14A06FCE-DF21-4F4A-ABDC-6A56E99499CF}.Release|Any CPU.ActiveCfg = Release|Any CPU
		{14A06FCE-DF21-4F4A-ABDC-6A56E99499CF}.Release|Any CPU.Build.0 = Release|Any CPU
		{B6D4D5D4-1213-4AB8-8D40-90CBA83E9B7D}.Debug|Any CPU.ActiveCfg = Debug|Any CPU
		{B6D4D5D4-1213-4AB8-8D40-90CBA83E9B7D}.Debug|Any CPU.Build.0 = Debug|Any CPU
		{B6D4D5D4-1213-4AB8-8D40-90CBA83E9B7D}.Release|Any CPU.ActiveCfg = Release|Any CPU
		{B6D4D5D4-1213-4AB8-8D40-90CBA83E9B7D}.Release|Any CPU.Build.0 = Release|Any CPU
		{86C07518-AC5A-4780-8F7B-B0EDCCE3763D}.Debug|Any CPU.ActiveCfg = Debug|Any CPU
		{86C07518-AC5A-4780-8F7B-B0EDCCE3763D}.Debug|Any CPU.Build.0 = Debug|Any CPU
		{86C07518-AC5A-4780-8F7B-B0EDCCE3763D}.Release|Any CPU.ActiveCfg = Release|Any CPU
		{86C07518-AC5A-4780-8F7B-B0EDCCE3763D}.Release|Any CPU.Build.0 = Release|Any CPU
	EndGlobalSection
	GlobalSection(SolutionProperties) = preSolution
		HideSolutionNode = FALSE
	EndGlobalSection
	GlobalSection(NestedProjects) = preSolution
		{232BC4B3-F568-4035-8656-27E9978A73AE} = {6BAC1904-8AC9-4DA5-9E59-D26A370F1ED3}
		{AFEE575D-6DDA-4905-8066-831005FCE1DD} = {6BAC1904-8AC9-4DA5-9E59-D26A370F1ED3}
		{7AC00AC4-2893-4BFA-A44B-86D8C9DE8BCB} = {6BAC1904-8AC9-4DA5-9E59-D26A370F1ED3}
		{CD37FA24-C108-4B77-9E26-2525CAE8DFAB} = {6BAC1904-8AC9-4DA5-9E59-D26A370F1ED3}
		{6E695155-6D95-4965-8519-82369628FBE8} = {232BC4B3-F568-4035-8656-27E9978A73AE}
		{0AA72606-1CFC-4E3F-BF2B-0D98630D6628} = {AFEE575D-6DDA-4905-8066-831005FCE1DD}
		{D7913734-3FC7-413C-9EF8-5A50EB11AEBA} = {7AC00AC4-2893-4BFA-A44B-86D8C9DE8BCB}
		{70A93EC5-6BD0-42AA-A885-1FD65DCD686B} = {CD37FA24-C108-4B77-9E26-2525CAE8DFAB}
		{14A06FCE-DF21-4F4A-ABDC-6A56E99499CF} = {CD37FA24-C108-4B77-9E26-2525CAE8DFAB}
		{B6D4D5D4-1213-4AB8-8D40-90CBA83E9B7D} = {CD37FA24-C108-4B77-9E26-2525CAE8DFAB}
		{86C07518-AC5A-4780-8F7B-B0EDCCE3763D} = {2BA214EB-E2CE-4D78-8DFB-1A72F5193B84}
	EndGlobalSection
	GlobalSection(ExtensibilityGlobals) = postSolution
		SolutionGuid = {7AFA9837-076A-4E93-B588-FFE17B7C11C5}
	EndGlobalSection
EndGlobal
